// !$*UTF8*$!
{
	archiveVersion = 1;
	classes = {
	};
	objectVersion = 56;
	objects = {

/* Begin PBXBuildFile section */
		AAEE8CEA29001A420054DA5E /* YaneuraOuGougiiOSApp.swift in Sources */ = {isa = PBXBuildFile; fileRef = AAEE8CE929001A420054DA5E /* YaneuraOuGougiiOSApp.swift */; };
		AAEE8CEC29001A420054DA5E /* ContentView.swift in Sources */ = {isa = PBXBuildFile; fileRef = AAEE8CEB29001A420054DA5E /* ContentView.swift */; };
		AAEE8CEE29001A470054DA5E /* Assets.xcassets in Resources */ = {isa = PBXBuildFile; fileRef = AAEE8CED29001A470054DA5E /* Assets.xcassets */; };
		AAEE8CF129001A470054DA5E /* Preview Assets.xcassets in Resources */ = {isa = PBXBuildFile; fileRef = AAEE8CF029001A470054DA5E /* Preview Assets.xcassets */; };
		AAEE8CFD29001C570054DA5E /* DlShogiResnet.mlmodel in Sources */ = {isa = PBXBuildFile; fileRef = AAEE8CFC29001C570054DA5E /* DlShogiResnet.mlmodel */; };
		AAEE8D0029001C860054DA5E /* libc++.tbd in Frameworks */ = {isa = PBXBuildFile; fileRef = AAEE8CFF29001C860054DA5E /* libc++.tbd */; };
		AAEE8D0329002B700054DA5E /* YaneuraOuGougiiOSSPM in Frameworks */ = {isa = PBXBuildFile; productRef = AAEE8D0229002B700054DA5E /* YaneuraOuGougiiOSSPM */; };
/* End PBXBuildFile section */

/* Begin PBXFileReference section */
		AAEE8CE629001A420054DA5E /* YaneuraOuGougiiOS.app */ = {isa = PBXFileReference; explicitFileType = wrapper.application; includeInIndex = 0; path = YaneuraOuGougiiOS.app; sourceTree = BUILT_PRODUCTS_DIR; };
		AAEE8CE929001A420054DA5E /* YaneuraOuGougiiOSApp.swift */ = {isa = PBXFileReference; lastKnownFileType = sourcecode.swift; path = YaneuraOuGougiiOSApp.swift; sourceTree = "<group>"; };
		AAEE8CEB29001A420054DA5E /* ContentView.swift */ = {isa = PBXFileReference; lastKnownFileType = sourcecode.swift; path = ContentView.swift; sourceTree = "<group>"; };
		AAEE8CED29001A470054DA5E /* Assets.xcassets */ = {isa = PBXFileReference; lastKnownFileType = folder.assetcatalog; path = Assets.xcassets; sourceTree = "<group>"; };
		AAEE8CF029001A470054DA5E /* Preview Assets.xcassets */ = {isa = PBXFileReference; lastKnownFileType = folder.assetcatalog; path = "Preview Assets.xcassets"; sourceTree = "<group>"; };
		AAEE8CFC29001C570054DA5E /* DlShogiResnet.mlmodel */ = {isa = PBXFileReference; lastKnownFileType = file.mlmodel; path = DlShogiResnet.mlmodel; sourceTree = "<group>"; };
		AAEE8CFF29001C860054DA5E /* libc++.tbd */ = {isa = PBXFileReference; lastKnownFileType = "sourcecode.text-based-dylib-definition"; name = "libc++.tbd"; path = "usr/lib/libc++.tbd"; sourceTree = SDKROOT; };
		AAEE8D0C29014F410054DA5E /* README.md */ = {isa = PBXFileReference; lastKnownFileType = net.daringfireball.markdown; path = README.md; sourceTree = "<group>"; };
/* End PBXFileReference section */

/* Begin PBXFrameworksBuildPhase section */
		AAEE8CE329001A420054DA5E /* Frameworks */ = {
			isa = PBXFrameworksBuildPhase;
			buildActionMask = 2147483647;
			files = (
				AAEE8D0029001C860054DA5E /* libc++.tbd in Frameworks */,
				AAEE8D0329002B700054DA5E /* YaneuraOuGougiiOSSPM in Frameworks */,
			);
			runOnlyForDeploymentPostprocessing = 0;
		};
/* End PBXFrameworksBuildPhase section */

/* Begin PBXGroup section */
		AAEE8CDD29001A410054DA5E = {
			isa = PBXGroup;
			children = (
				AAEE8D0C29014F410054DA5E /* README.md */,
				AAEE8CE829001A420054DA5E /* YaneuraOuGougiiOS */,
				AAEE8CE729001A420054DA5E /* Products */,
				AAEE8CFE29001C850054DA5E /* Frameworks */,
			);
			sourceTree = "<group>";
		};
		AAEE8CE729001A420054DA5E /* Products */ = {
			isa = PBXGroup;
			children = (
				AAEE8CE629001A420054DA5E /* YaneuraOuGougiiOS.app */,
			);
			name = Products;
			sourceTree = "<group>";
		};
		AAEE8CE829001A420054DA5E /* YaneuraOuGougiiOS */ = {
			isa = PBXGroup;
			children = (
				AAEE8CE929001A420054DA5E /* YaneuraOuGougiiOSApp.swift */,
				AAEE8CEB29001A420054DA5E /* ContentView.swift */,
				AAEE8CFC29001C570054DA5E /* DlShogiResnet.mlmodel */,
				AAEE8CED29001A470054DA5E /* Assets.xcassets */,
				AAEE8CEF29001A470054DA5E /* Preview Content */,
			);
			path = YaneuraOuGougiiOS;
			sourceTree = "<group>";
		};
		AAEE8CEF29001A470054DA5E /* Preview Content */ = {
			isa = PBXGroup;
			children = (
				AAEE8CF029001A470054DA5E /* Preview Assets.xcassets */,
			);
			path = "Preview Content";
			sourceTree = "<group>";
		};
		AAEE8CFE29001C850054DA5E /* Frameworks */ = {
			isa = PBXGroup;
			children = (
				AAEE8CFF29001C860054DA5E /* libc++.tbd */,
			);
			name = Frameworks;
			sourceTree = "<group>";
		};
/* End PBXGroup section */

/* Begin PBXNativeTarget section */
		AAEE8CE529001A420054DA5E /* YaneuraOuGougiiOS */ = {
			isa = PBXNativeTarget;
			buildConfigurationList = AAEE8CF429001A470054DA5E /* Build configuration list for PBXNativeTarget "YaneuraOuGougiiOS" */;
			buildPhases = (
				AAEE8CE229001A420054DA5E /* Sources */,
				AAEE8CE329001A420054DA5E /* Frameworks */,
				AAEE8CE429001A420054DA5E /* Resources */,
			);
			buildRules = (
			);
			dependencies = (
			);
			name = YaneuraOuGougiiOS;
			packageProductDependencies = (
				AAEE8D0229002B700054DA5E /* YaneuraOuGougiiOSSPM */,
			);
			productName = YaneuraOuGougiiOS;
			productReference = AAEE8CE629001A420054DA5E /* YaneuraOuGougiiOS.app */;
			productType = "com.apple.product-type.application";
		};
/* End PBXNativeTarget section */

/* Begin PBXProject section */
		AAEE8CDE29001A410054DA5E /* Project object */ = {
			isa = PBXProject;
			attributes = {
				BuildIndependentTargetsInParallel = 1;
				LastSwiftUpdateCheck = 1400;
				LastUpgradeCheck = 1400;
				TargetAttributes = {
					AAEE8CE529001A420054DA5E = {
						CreatedOnToolsVersion = 14.0.1;
					};
				};
			};
			buildConfigurationList = AAEE8CE129001A410054DA5E /* Build configuration list for PBXProject "YaneuraOuGougiiOS" */;
			compatibilityVersion = "Xcode 14.0";
			developmentRegion = en;
			hasScannedForEncodings = 0;
			knownRegions = (
				en,
				Base,
			);
			mainGroup = AAEE8CDD29001A410054DA5E;
			packageReferences = (
				AAEE8D0129002B700054DA5E /* XCRemoteSwiftPackageReference "YaneuraOuGougiiOSSPM" */,
			);
			productRefGroup = AAEE8CE729001A420054DA5E /* Products */;
			projectDirPath = "";
			projectRoot = "";
			targets = (
				AAEE8CE529001A420054DA5E /* YaneuraOuGougiiOS */,
			);
		};
/* End PBXProject section */

/* Begin PBXResourcesBuildPhase section */
		AAEE8CE429001A420054DA5E /* Resources */ = {
			isa = PBXResourcesBuildPhase;
			buildActionMask = 2147483647;
			files = (
				AAEE8CF129001A470054DA5E /* Preview Assets.xcassets in Resources */,
				AAEE8CEE29001A470054DA5E /* Assets.xcassets in Resources */,
			);
			runOnlyForDeploymentPostprocessing = 0;
		};
/* End PBXResourcesBuildPhase section */

/* Begin PBXSourcesBuildPhase section */
		AAEE8CE229001A420054DA5E /* Sources */ = {
			isa = PBXSourcesBuildPhase;
			buildActionMask = 2147483647;
			files = (
				AAEE8CEC29001A420054DA5E /* ContentView.swift in Sources */,
				AAEE8CFD29001C570054DA5E /* DlShogiResnet.mlmodel in Sources */,
				AAEE8CEA29001A420054DA5E /* YaneuraOuGougiiOSApp.swift in Sources */,
			);
			runOnlyForDeploymentPostprocessing = 0;
		};
/* End PBXSourcesBuildPhase section */

/* Begin XCBuildConfiguration section */
		AAEE8CF229001A470054DA5E /* Debug */ = {
			isa = XCBuildConfiguration;
			buildSettings = {
				ALWAYS_SEARCH_USER_PATHS = NO;
				CLANG_ANALYZER_NONNULL = YES;
				CLANG_ANALYZER_NUMBER_OBJECT_CONVERSION = YES_AGGRESSIVE;
				CLANG_CXX_LANGUAGE_STANDARD = "gnu++20";
				CLANG_ENABLE_MODULES = YES;
				CLANG_ENABLE_OBJC_ARC = YES;
				CLANG_ENABLE_OBJC_WEAK = YES;
				CLANG_WARN_BLOCK_CAPTURE_AUTORELEASING = YES;
				CLANG_WARN_BOOL_CONVERSION = YES;
				CLANG_WARN_COMMA = YES;
				CLANG_WARN_CONSTANT_CONVERSION = YES;
				CLANG_WARN_DEPRECATED_OBJC_IMPLEMENTATIONS = YES;
				CLANG_WARN_DIRECT_OBJC_ISA_USAGE = YES_ERROR;
				CLANG_WARN_DOCUMENTATION_COMMENTS = YES;
				CLANG_WARN_EMPTY_BODY = YES;
				CLANG_WARN_ENUM_CONVERSION = YES;
				CLANG_WARN_INFINITE_RECURSION = YES;
				CLANG_WARN_INT_CONVERSION = YES;
				CLANG_WARN_NON_LITERAL_NULL_CONVERSION = YES;
				CLANG_WARN_OBJC_IMPLICIT_RETAIN_SELF = YES;
				CLANG_WARN_OBJC_LITERAL_CONVERSION = YES;
				CLANG_WARN_OBJC_ROOT_CLASS = YES_ERROR;
				CLANG_WARN_QUOTED_INCLUDE_IN_FRAMEWORK_HEADER = YES;
				CLANG_WARN_RANGE_LOOP_ANALYSIS = YES;
				CLANG_WARN_STRICT_PROTOTYPES = YES;
				CLANG_WARN_SUSPICIOUS_MOVE = YES;
				CLANG_WARN_UNGUARDED_AVAILABILITY = YES_AGGRESSIVE;
				CLANG_WARN_UNREACHABLE_CODE = YES;
				CLANG_WARN__DUPLICATE_METHOD_MATCH = YES;
				COPY_PHASE_STRIP = NO;
				DEBUG_INFORMATION_FORMAT = dwarf;
				ENABLE_STRICT_OBJC_MSGSEND = YES;
				ENABLE_TESTABILITY = YES;
				GCC_C_LANGUAGE_STANDARD = gnu11;
				GCC_DYNAMIC_NO_PIC = NO;
				GCC_NO_COMMON_BLOCKS = YES;
				GCC_OPTIMIZATION_LEVEL = 0;
				GCC_PREPROCESSOR_DEFINITIONS = (
					"DEBUG=1",
					"$(inherited)",
				);
				GCC_WARN_64_TO_32_BIT_CONVERSION = YES;
				GCC_WARN_ABOUT_RETURN_TYPE = YES_ERROR;
				GCC_WARN_UNDECLARED_SELECTOR = YES;
				GCC_WARN_UNINITIALIZED_AUTOS = YES_AGGRESSIVE;
				GCC_WARN_UNUSED_FUNCTION = YES;
				GCC_WARN_UNUSED_VARIABLE = YES;
				IPHONEOS_DEPLOYMENT_TARGET = 16.0;
				MTL_ENABLE_DEBUG_INFO = INCLUDE_SOURCE;
				MTL_FAST_MATH = YES;
				ONLY_ACTIVE_ARCH = YES;
				SDKROOT = iphoneos;
				SWIFT_ACTIVE_COMPILATION_CONDITIONS = DEBUG;
				SWIFT_OPTIMIZATION_LEVEL = "-Onone";
			};
			name = Debug;
		};
		AAEE8CF329001A470054DA5E /* Release */ = {
			isa = XCBuildConfiguration;
			buildSettings = {
				ALWAYS_SEARCH_USER_PATHS = NO;
				CLANG_ANALYZER_NONNULL = YES;
				CLANG_ANALYZER_NUMBER_OBJECT_CONVERSION = YES_AGGRESSIVE;
				CLANG_CXX_LANGUAGE_STANDARD = "gnu++20";
				CLANG_ENABLE_MODULES = YES;
				CLANG_ENABLE_OBJC_ARC = YES;
				CLANG_ENABLE_OBJC_WEAK = YES;
				CLANG_WARN_BLOCK_CAPTURE_AUTORELEASING = YES;
				CLANG_WARN_BOOL_CONVERSION = YES;
				CLANG_WARN_COMMA = YES;
				CLANG_WARN_CONSTANT_CONVERSION = YES;
				CLANG_WARN_DEPRECATED_OBJC_IMPLEMENTATIONS = YES;
				CLANG_WARN_DIRECT_OBJC_ISA_USAGE = YES_ERROR;
				CLANG_WARN_DOCUMENTATION_COMMENTS = YES;
				CLANG_WARN_EMPTY_BODY = YES;
				CLANG_WARN_ENUM_CONVERSION = YES;
				CLANG_WARN_INFINITE_RECURSION = YES;
				CLANG_WARN_INT_CONVERSION = YES;
				CLANG_WARN_NON_LITERAL_NULL_CONVERSION = YES;
				CLANG_WARN_OBJC_IMPLICIT_RETAIN_SELF = YES;
				CLANG_WARN_OBJC_LITERAL_CONVERSION = YES;
				CLANG_WARN_OBJC_ROOT_CLASS = YES_ERROR;
				CLANG_WARN_QUOTED_INCLUDE_IN_FRAMEWORK_HEADER = YES;
				CLANG_WARN_RANGE_LOOP_ANALYSIS = YES;
				CLANG_WARN_STRICT_PROTOTYPES = YES;
				CLANG_WARN_SUSPICIOUS_MOVE = YES;
				CLANG_WARN_UNGUARDED_AVAILABILITY = YES_AGGRESSIVE;
				CLANG_WARN_UNREACHABLE_CODE = YES;
				CLANG_WARN__DUPLICATE_METHOD_MATCH = YES;
				COPY_PHASE_STRIP = NO;
				DEBUG_INFORMATION_FORMAT = "dwarf-with-dsym";
				ENABLE_NS_ASSERTIONS = NO;
				ENABLE_STRICT_OBJC_MSGSEND = YES;
				GCC_C_LANGUAGE_STANDARD = gnu11;
				GCC_NO_COMMON_BLOCKS = YES;
				GCC_WARN_64_TO_32_BIT_CONVERSION = YES;
				GCC_WARN_ABOUT_RETURN_TYPE = YES_ERROR;
				GCC_WARN_UNDECLARED_SELECTOR = YES;
				GCC_WARN_UNINITIALIZED_AUTOS = YES_AGGRESSIVE;
				GCC_WARN_UNUSED_FUNCTION = YES;
				GCC_WARN_UNUSED_VARIABLE = YES;
				IPHONEOS_DEPLOYMENT_TARGET = 16.0;
				MTL_ENABLE_DEBUG_INFO = NO;
				MTL_FAST_MATH = YES;
				SDKROOT = iphoneos;
				SWIFT_COMPILATION_MODE = wholemodule;
				SWIFT_OPTIMIZATION_LEVEL = "-O";
				VALIDATE_PRODUCT = YES;
			};
			name = Release;
		};
		AAEE8CF529001A470054DA5E /* Debug */ = {
			isa = XCBuildConfiguration;
			buildSettings = {
				ASSETCATALOG_COMPILER_APPICON_NAME = AppIcon;
				ASSETCATALOG_COMPILER_GLOBAL_ACCENT_COLOR_NAME = AccentColor;
				CODE_SIGN_STYLE = Automatic;
				CURRENT_PROJECT_VERSION = 1;
				DEVELOPMENT_ASSET_PATHS = "\"YaneuraOuGougiiOS/Preview Content\"";
				DEVELOPMENT_TEAM = 26639CRUMF;
				ENABLE_PREVIEWS = YES;
				GENERATE_INFOPLIST_FILE = YES;
				INFOPLIST_KEY_UIApplicationSceneManifest_Generation = YES;
				INFOPLIST_KEY_UIApplicationSupportsIndirectInputEvents = YES;
				INFOPLIST_KEY_UILaunchScreen_Generation = YES;
				INFOPLIST_KEY_UISupportedInterfaceOrientations_iPad = "UIInterfaceOrientationPortrait UIInterfaceOrientationPortraitUpsideDown UIInterfaceOrientationLandscapeLeft UIInterfaceOrientationLandscapeRight";
				INFOPLIST_KEY_UISupportedInterfaceOrientations_iPhone = "UIInterfaceOrientationPortrait UIInterfaceOrientationLandscapeLeft UIInterfaceOrientationLandscapeRight";
				IPHONEOS_DEPLOYMENT_TARGET = 15.0;
				LD_RUNPATH_SEARCH_PATHS = (
					"$(inherited)",
					"@executable_path/Frameworks",
				);
				MARKETING_VERSION = 1.0;
				PRODUCT_BUNDLE_IDENTIFIER = jp.outlook.select766.YaneuraOuGougiiOS;
				PRODUCT_NAME = "$(TARGET_NAME)";
				SWIFT_EMIT_LOC_STRINGS = YES;
				SWIFT_VERSION = 5.0;
				TARGETED_DEVICE_FAMILY = "1,2";
			};
			name = Debug;
		};
		AAEE8CF629001A470054DA5E /* Release */ = {
			isa = XCBuildConfiguration;
			buildSettings = {
				ASSETCATALOG_COMPILER_APPICON_NAME = AppIcon;
				ASSETCATALOG_COMPILER_GLOBAL_ACCENT_COLOR_NAME = AccentColor;
				CODE_SIGN_STYLE = Automatic;
				CURRENT_PROJECT_VERSION = 1;
				DEVELOPMENT_ASSET_PATHS = "\"YaneuraOuGougiiOS/Preview Content\"";
				DEVELOPMENT_TEAM = 26639CRUMF;
				ENABLE_PREVIEWS = YES;
				GENERATE_INFOPLIST_FILE = YES;
				INFOPLIST_KEY_UIApplicationSceneManifest_Generation = YES;
				INFOPLIST_KEY_UIApplicationSupportsIndirectInputEvents = YES;
				INFOPLIST_KEY_UILaunchScreen_Generation = YES;
				INFOPLIST_KEY_UISupportedInterfaceOrientations_iPad = "UIInterfaceOrientationPortrait UIInterfaceOrientationPortraitUpsideDown UIInterfaceOrientationLandscapeLeft UIInterfaceOrientationLandscapeRight";
				INFOPLIST_KEY_UISupportedInterfaceOrientations_iPhone = "UIInterfaceOrientationPortrait UIInterfaceOrientationLandscapeLeft UIInterfaceOrientationLandscapeRight";
				IPHONEOS_DEPLOYMENT_TARGET = 15.0;
				LD_RUNPATH_SEARCH_PATHS = (
					"$(inherited)",
					"@executable_path/Frameworks",
				);
				MARKETING_VERSION = 1.0;
				PRODUCT_BUNDLE_IDENTIFIER = jp.outlook.select766.YaneuraOuGougiiOS;
				PRODUCT_NAME = "$(TARGET_NAME)";
				SWIFT_EMIT_LOC_STRINGS = YES;
				SWIFT_VERSION = 5.0;
				TARGETED_DEVICE_FAMILY = "1,2";
			};
			name = Release;
		};
/* End XCBuildConfiguration section */

/* Begin XCConfigurationList section */
		AAEE8CE129001A410054DA5E /* Build configuration list for PBXProject "YaneuraOuGougiiOS" */ = {
			isa = XCConfigurationList;
			buildConfigurations = (
				AAEE8CF229001A470054DA5E /* Debug */,
				AAEE8CF329001A470054DA5E /* Release */,
			);
			defaultConfigurationIsVisible = 0;
			defaultConfigurationName = Release;
		};
		AAEE8CF429001A470054DA5E /* Build configuration list for PBXNativeTarget "YaneuraOuGougiiOS" */ = {
			isa = XCConfigurationList;
			buildConfigurations = (
				AAEE8CF529001A470054DA5E /* Debug */,
				AAEE8CF629001A470054DA5E /* Release */,
			);
			defaultConfigurationIsVisible = 0;
			defaultConfigurationName = Release;
		};
/* End XCConfigurationList section */

/* Begin XCRemoteSwiftPackageReference section */
		AAEE8D0129002B700054DA5E /* XCRemoteSwiftPackageReference "YaneuraOuGougiiOSSPM" */ = {
			isa = XCRemoteSwiftPackageReference;
			repositoryURL = "https://github.com/select766/YaneuraOuGougiiOSSPM";
			requirement = {
				kind = upToNextMajorVersion;
				minimumVersion = 1.0.0;
			};
		};
/* End XCRemoteSwiftPackageReference section */

/* Begin XCSwiftPackageProductDependency section */
		AAEE8D0229002B700054DA5E /* YaneuraOuGougiiOSSPM */ = {
			isa = XCSwiftPackageProductDependency;
			package = AAEE8D0129002B700054DA5E /* XCRemoteSwiftPackageReference "YaneuraOuGougiiOSSPM" */;
			productName = YaneuraOuGougiiOSSPM;
		};
/* End XCSwiftPackageProductDependency section */
	};
	rootObject = AAEE8CDE29001A410054DA5E /* Project object */;
}
