{
  "pins" : [
    {
      "identity" : "yaneuraougougiiosspm",
      "kind" : "remoteSourceControl",
      "location" : "https://github.com/select766/YaneuraOuGougiiOSSPM",
      "state" : {
        "revision" : "4ea511b9ef2749a359ebd1a2c658c069c259dec7",
        "version" : "1.0.7"
      }
    }
  ],
  "version" : 2
}
