{
  "pins" : [
    {
      "identity" : "yaneuraougougiiosspm",
      "kind" : "remoteSourceControl",
      "location" : "https://github.com/select766/YaneuraOuGougiiOSSPM",
      "state" : {
        "revision" : "e22107bdf069c90cc866a46981aca55732446723",
        "version" : "1.0.3"
      }
    }
  ],
  "version" : 2
}
