{
  "pins" : [
    {
      "identity" : "yaneuraougougiiosspm",
      "kind" : "remoteSourceControl",
      "location" : "https://github.com/select766/YaneuraOuGougiiOSSPM",
      "state" : {
        "revision" : "def573c0cc1a7cd0ae040aafd1f41fd99367d552",
        "version" : "1.0.5"
      }
    }
  ],
  "version" : 2
}
